
Microsoft Visual Studio Solution File, Format Version 12.00
# Visual Studio Version 17
VisualStudioVersion = 17.7.34221.43
MinimumVisualStudioVersion = 10.0.40219.1
Project("{9092AA53-FB77-4645-B42D-1CCCA6BD08BD}") = "zephyra", "zephyra\zephyra.njsproj", "{BDA5FCDB-7C79-4AC6-84E4-6EC322F73E5C}"
EndProject
Global
	GlobalSection(SolutionConfigurationPlatforms) = preSolution
		Debug|Any CPU = Debug|Any CPU
		Release|Any CPU = Release|Any CPU
	EndGlobalSection
	GlobalSection(ProjectConfigurationPlatforms) = postSolution
		{BDA5FCDB-7C79-4AC6-84E4-6EC322F73E5C}.Debug|Any CPU.ActiveCfg = Debug|Any CPU
		{BDA5FCDB-7C79-4AC6-84E4-6EC322F73E5C}.Debug|Any CPU.Build.0 = Debug|Any CPU
		{BDA5FCDB-7C79-4AC6-84E4-6EC322F73E5C}.Release|Any CPU.ActiveCfg = Release|Any CPU
		{BDA5FCDB-7C79-4AC6-84E4-6EC322F73E5C}.Release|Any CPU.Build.0 = Release|Any CPU
	EndGlobalSection
	GlobalSection(SolutionProperties) = preSolution
		HideSolutionNode = FALSE
	EndGlobalSection
	GlobalSection(ExtensibilityGlobals) = postSolution
		SolutionGuid = {67A3555E-DA51-4BD1-B7F1-7E4F40819113}
	EndGlobalSection
EndGlobal
